
Microsoft Visual Studio Solution File, Format Version 12.00
# Visual Studio Version 16
VisualStudioVersion = 16.0.30330.147
MinimumVisualStudioVersion = 10.0.40219.1
Project("{888888A0-9F3D-457C-B088-3A5042F75D52}") = "DoughBot", "DoughBot.pyproj", "{2D09376F-C74D-4927-B105-6C9E01D79EA7}"
EndProject
Global
	GlobalSection(SolutionConfigurationPlatforms) = preSolution
		Debug|Any CPU = Debug|Any CPU
		Release|Any CPU = Release|Any CPU
	EndGlobalSection
	GlobalSection(ProjectConfigurationPlatforms) = postSolution
		{2D09376F-C74D-4927-B105-6C9E01D79EA7}.Debug|Any CPU.ActiveCfg = Debug|Any CPU
		{2D09376F-C74D-4927-B105-6C9E01D79EA7}.Debug|Any CPU.Build.0 = Debug|Any CPU
		{2D09376F-C74D-4927-B105-6C9E01D79EA7}.Release|Any CPU.ActiveCfg = Release|Any CPU
		{2D09376F-C74D-4927-B105-6C9E01D79EA7}.Release|Any CPU.Build.0 = Release|Any CPU
	EndGlobalSection
	GlobalSection(SolutionProperties) = preSolution
		HideSolutionNode = FALSE
	EndGlobalSection
	GlobalSection(ExtensibilityGlobals) = postSolution
		SolutionGuid = {174A6257-9795-44E4-B956-8BD8DBE490EF}
	EndGlobalSection
EndGlobal
